<?xml version="1.0" encoding="UTF-8" standalone="yes" ?>
<CodeBlocks_project_file>
	<FileVersion major="1" minor="6" />
	<Project>
		<Option title="libux0" />
		<Option pch_mode="2" />
		<Option compiler="gcc" />
		<Build>
			<Target title="Release">
				<Option output="bin/sensorimotor" prefix_auto="1" extension_auto="1" />
				<Option working_dir="bin/" />
				<Option object_output="build/" />
				<Option type="3" />
				<Option compiler="gcc" />
				<Option createDefFile="1" />
				<Option createStaticLib="1" />
				<Compiler>
					<Add option="-O2" />
					<Add option="-Wextra" />
					<Add option="-Wall" />
					<Add option="-fPIC" />
				</Compiler>
				<Linker>
					<Add option="-s" />
				</Linker>
			</Target>
		</Build>
		<Linker>
			<Add option="-Wl,-soname,libsensorimotor.so" />
		</Linker>
		<Unit filename="src/common/log_messages.cpp" />
		<Unit filename="src/common/log_messages.h" />
		<Unit filename="src/common/modules.cpp" />
		<Unit filename="src/common/modules.h" />
		<Unit filename="src/common/timer.h" />
		<Unit filename="src/communication_ctrl.hpp" />
		<Unit filename="src/communication_interface.hpp" />
		<Unit filename="src/controller/csl_control.hpp" />
		<Unit filename="src/controller/impulse_ctrl.hpp" />
		<Unit filename="src/controller/pid_control.hpp" />
		<Unit filename="src/interface_data.hpp" />
		<Unit filename="src/motorcord.hpp" />
		<Unit filename="src/motorhandler.cpp" />
		<Unit filename="src/sensorimotor.hpp" />
		<Unit filename="src/serial/LICENSE" />
		<Unit filename="src/serial/doc.txt" />
		<Unit filename="src/serial/rs232.c">
			<Option compilerVar="CC" />
		</Unit>
		<Unit filename="src/serial/rs232.h" />
		<Extensions>
			<envvars />
			<code_completion />
			<debugger />
			<lib_finder disable_auto="1" />
		</Extensions>
	</Project>
</CodeBlocks_project_file>
